
Microsoft Visual Studio Solution File, Format Version 12.00
# Visual Studio Version 16
VisualStudioVersion = 16.0.31410.357
MinimumVisualStudioVersion = 10.0.40219.1
Project("{FAE04EC0-301F-11D3-BF4B-00C04F79EFBC}") = "ObservableCollectionDemo", "ObservableCollectionDemo.csproj", "{970716B3-E450-4948-B841-B101E08910C1}"
EndProject
Global
	GlobalSection(SolutionConfigurationPlatforms) = preSolution
		Debug|Any CPU = Debug|Any CPU
		Release|Any CPU = Release|Any CPU
	EndGlobalSection
	GlobalSection(ProjectConfigurationPlatforms) = postSolution
		{970716B3-E450-4948-B841-B101E08910C1}.Debug|Any CPU.ActiveCfg = Debug|Any CPU
		{970716B3-E450-4948-B841-B101E08910C1}.Debug|Any CPU.Build.0 = Debug|Any CPU
		{970716B3-E450-4948-B841-B101E08910C1}.Release|Any CPU.ActiveCfg = Release|Any CPU
		{970716B3-E450-4948-B841-B101E08910C1}.Release|Any CPU.Build.0 = Release|Any CPU
	EndGlobalSection
	GlobalSection(SolutionProperties) = preSolution
		HideSolutionNode = FALSE
	EndGlobalSection
	GlobalSection(ExtensibilityGlobals) = postSolution
		SolutionGuid = {E00E5C16-FDF4-47F7-A5C4-9B023B08B92F}
	EndGlobalSection
EndGlobal
