
Microsoft Visual Studio Solution File, Format Version 9.00
# Visual Studio 2005
Project("{FAE04EC0-301F-11D3-BF4B-00C04F79EFBC}") = "ConsoleApplication2", "ConsoleApplication2\ConsoleApplication2.csproj", "{E32E765E-A384-4284-B2CC-0F09843A0D32}"
EndProject
Global
	GlobalSection(SolutionConfigurationPlatforms) = preSolution
		Debug|Any CPU = Debug|Any CPU
		Release|Any CPU = Release|Any CPU
	EndGlobalSection
	GlobalSection(ProjectConfigurationPlatforms) = postSolution
		{E32E765E-A384-4284-B2CC-0F09843A0D32}.Debug|Any CPU.ActiveCfg = Debug|Any CPU
		{E32E765E-A384-4284-B2CC-0F09843A0D32}.Debug|Any CPU.Build.0 = Debug|Any CPU
		{E32E765E-A384-4284-B2CC-0F09843A0D32}.Release|Any CPU.ActiveCfg = Release|Any CPU
		{E32E765E-A384-4284-B2CC-0F09843A0D32}.Release|Any CPU.Build.0 = Release|Any CPU
	EndGlobalSection
	GlobalSection(SolutionProperties) = preSolution
		HideSolutionNode = FALSE
	EndGlobalSection
EndGlobal
