
Microsoft Visual Studio Solution File, Format Version 12.00
# Visual Studio 15
VisualStudioVersion = 15.0.27428.2005
MinimumVisualStudioVersion = 10.0.40219.1
Project("{FAE04EC0-301F-11D3-BF4B-00C04F79EFBC}") = "AwaitAsynDemo", "AwaitAsynDemo\AwaitAsynDemo.csproj", "{4C0E5B1E-0835-4EA5-8297-6E0DDA616FEE}"
EndProject
Global
	GlobalSection(SolutionConfigurationPlatforms) = preSolution
		Debug|Any CPU = Debug|Any CPU
		Release|Any CPU = Release|Any CPU
	EndGlobalSection
	GlobalSection(ProjectConfigurationPlatforms) = postSolution
		{4C0E5B1E-0835-4EA5-8297-6E0DDA616FEE}.Debug|Any CPU.ActiveCfg = Debug|Any CPU
		{4C0E5B1E-0835-4EA5-8297-6E0DDA616FEE}.Debug|Any CPU.Build.0 = Debug|Any CPU
		{4C0E5B1E-0835-4EA5-8297-6E0DDA616FEE}.Release|Any CPU.ActiveCfg = Release|Any CPU
		{4C0E5B1E-0835-4EA5-8297-6E0DDA616FEE}.Release|Any CPU.Build.0 = Release|Any CPU
	EndGlobalSection
	GlobalSection(SolutionProperties) = preSolution
		HideSolutionNode = FALSE
	EndGlobalSection
	GlobalSection(ExtensibilityGlobals) = postSolution
		SolutionGuid = {FA66DF23-1CBF-432D-80A9-0B95A08EFD40}
	EndGlobalSection
EndGlobal
